
Microsoft Visual Studio Solution File, Format Version 12.00
# Visual Studio Version 17
VisualStudioVersion = 17.2.32519.379
MinimumVisualStudioVersion = 10.0.40219.1
Project("{F184B08F-C81C-45F6-A57F-5ABD9991F28F}") = "iason.ProjectApp", "iason.ProjectApp\iason.ProjectApp.vbproj", "{479E6079-CEF9-40F1-AEC8-08FB64F77F24}"
EndProject
Project("{778DAE3C-4631-46EA-AA77-85C1314464D9}") = "iason.ProjectApp.Test", "iason.ProjectApp.Test\iason.ProjectApp.Test.vbproj", "{01D281E2-AEC4-4A26-8BB4-519EDA13F74B}"
EndProject
Project("{778DAE3C-4631-46EA-AA77-85C1314464D9}") = "ViewModel", "ViewModelTemp\ViewModel.vbproj", "{C6FC3D72-4846-47EF-A92B-316E0E797E5C}"
EndProject
Project("{778DAE3C-4631-46EA-AA77-85C1314464D9}") = "ModelVbBackup", "ModelTemp\ModelVbBackup.vbproj", "{E54220CA-8199-46C3-A9DF-6579EA7E726D}"
EndProject
Project("{FAE04EC0-301F-11D3-BF4B-00C04F79EFBC}") = "Model", "ModelCS\Model.csproj", "{119DDEBD-1824-40D8-BC66-8114DD4D4199}"
EndProject
Global
	GlobalSection(SolutionConfigurationPlatforms) = preSolution
		Debug|Any CPU = Debug|Any CPU
		Debug|ARM = Debug|ARM
		Debug|ARM64 = Debug|ARM64
		Debug|x64 = Debug|x64
		Debug|x86 = Debug|x86
		Release|Any CPU = Release|Any CPU
		Release|ARM = Release|ARM
		Release|ARM64 = Release|ARM64
		Release|x64 = Release|x64
		Release|x86 = Release|x86
	EndGlobalSection
	GlobalSection(ProjectConfigurationPlatforms) = postSolution
		{479E6079-CEF9-40F1-AEC8-08FB64F77F24}.Debug|Any CPU.ActiveCfg = Debug|x86
		{479E6079-CEF9-40F1-AEC8-08FB64F77F24}.Debug|ARM.ActiveCfg = Debug|ARM
		{479E6079-CEF9-40F1-AEC8-08FB64F77F24}.Debug|ARM.Build.0 = Debug|ARM
		{479E6079-CEF9-40F1-AEC8-08FB64F77F24}.Debug|ARM.Deploy.0 = Debug|ARM
		{479E6079-CEF9-40F1-AEC8-08FB64F77F24}.Debug|ARM64.ActiveCfg = Debug|ARM64
		{479E6079-CEF9-40F1-AEC8-08FB64F77F24}.Debug|ARM64.Build.0 = Debug|ARM64
		{479E6079-CEF9-40F1-AEC8-08FB64F77F24}.Debug|ARM64.Deploy.0 = Debug|ARM64
		{479E6079-CEF9-40F1-AEC8-08FB64F77F24}.Debug|x64.ActiveCfg = Debug|x64
		{479E6079-CEF9-40F1-AEC8-08FB64F77F24}.Debug|x64.Build.0 = Debug|x64
		{479E6079-CEF9-40F1-AEC8-08FB64F77F24}.Debug|x64.Deploy.0 = Debug|x64
		{479E6079-CEF9-40F1-AEC8-08FB64F77F24}.Debug|x86.ActiveCfg = Debug|x86
		{479E6079-CEF9-40F1-AEC8-08FB64F77F24}.Debug|x86.Build.0 = Debug|x86
		{479E6079-CEF9-40F1-AEC8-08FB64F77F24}.Debug|x86.Deploy.0 = Debug|x86
		{479E6079-CEF9-40F1-AEC8-08FB64F77F24}.Release|Any CPU.ActiveCfg = Release|x86
		{479E6079-CEF9-40F1-AEC8-08FB64F77F24}.Release|ARM.ActiveCfg = Release|ARM
		{479E6079-CEF9-40F1-AEC8-08FB64F77F24}.Release|ARM.Build.0 = Release|ARM
		{479E6079-CEF9-40F1-AEC8-08FB64F77F24}.Release|ARM.Deploy.0 = Release|ARM
		{479E6079-CEF9-40F1-AEC8-08FB64F77F24}.Release|ARM64.ActiveCfg = Release|ARM64
		{479E6079-CEF9-40F1-AEC8-08FB64F77F24}.Release|ARM64.Build.0 = Release|ARM64
		{479E6079-CEF9-40F1-AEC8-08FB64F77F24}.Release|ARM64.Deploy.0 = Release|ARM64
		{479E6079-CEF9-40F1-AEC8-08FB64F77F24}.Release|x64.ActiveCfg = Release|x64
		{479E6079-CEF9-40F1-AEC8-08FB64F77F24}.Release|x64.Build.0 = Release|x64
		{479E6079-CEF9-40F1-AEC8-08FB64F77F24}.Release|x64.Deploy.0 = Release|x64
		{479E6079-CEF9-40F1-AEC8-08FB64F77F24}.Release|x86.ActiveCfg = Release|x86
		{479E6079-CEF9-40F1-AEC8-08FB64F77F24}.Release|x86.Build.0 = Release|x86
		{479E6079-CEF9-40F1-AEC8-08FB64F77F24}.Release|x86.Deploy.0 = Release|x86
		{01D281E2-AEC4-4A26-8BB4-519EDA13F74B}.Debug|Any CPU.ActiveCfg = Debug|Any CPU
		{01D281E2-AEC4-4A26-8BB4-519EDA13F74B}.Debug|Any CPU.Build.0 = Debug|Any CPU
		{01D281E2-AEC4-4A26-8BB4-519EDA13F74B}.Debug|ARM.ActiveCfg = Debug|Any CPU
		{01D281E2-AEC4-4A26-8BB4-519EDA13F74B}.Debug|ARM.Build.0 = Debug|Any CPU
		{01D281E2-AEC4-4A26-8BB4-519EDA13F74B}.Debug|ARM64.ActiveCfg = Debug|Any CPU
		{01D281E2-AEC4-4A26-8BB4-519EDA13F74B}.Debug|ARM64.Build.0 = Debug|Any CPU
		{01D281E2-AEC4-4A26-8BB4-519EDA13F74B}.Debug|x64.ActiveCfg = Debug|Any CPU
		{01D281E2-AEC4-4A26-8BB4-519EDA13F74B}.Debug|x64.Build.0 = Debug|Any CPU
		{01D281E2-AEC4-4A26-8BB4-519EDA13F74B}.Debug|x86.ActiveCfg = Debug|Any CPU
		{01D281E2-AEC4-4A26-8BB4-519EDA13F74B}.Debug|x86.Build.0 = Debug|Any CPU
		{01D281E2-AEC4-4A26-8BB4-519EDA13F74B}.Release|Any CPU.ActiveCfg = Release|Any CPU
		{01D281E2-AEC4-4A26-8BB4-519EDA13F74B}.Release|Any CPU.Build.0 = Release|Any CPU
		{01D281E2-AEC4-4A26-8BB4-519EDA13F74B}.Release|ARM.ActiveCfg = Release|Any CPU
		{01D281E2-AEC4-4A26-8BB4-519EDA13F74B}.Release|ARM.Build.0 = Release|Any CPU
		{01D281E2-AEC4-4A26-8BB4-519EDA13F74B}.Release|ARM64.ActiveCfg = Release|Any CPU
		{01D281E2-AEC4-4A26-8BB4-519EDA13F74B}.Release|ARM64.Build.0 = Release|Any CPU
		{01D281E2-AEC4-4A26-8BB4-519EDA13F74B}.Release|x64.ActiveCfg = Release|Any CPU
		{01D281E2-AEC4-4A26-8BB4-519EDA13F74B}.Release|x64.Build.0 = Release|Any CPU
		{01D281E2-AEC4-4A26-8BB4-519EDA13F74B}.Release|x86.ActiveCfg = Release|Any CPU
		{01D281E2-AEC4-4A26-8BB4-519EDA13F74B}.Release|x86.Build.0 = Release|Any CPU
		{C6FC3D72-4846-47EF-A92B-316E0E797E5C}.Debug|Any CPU.ActiveCfg = Debug|Any CPU
		{C6FC3D72-4846-47EF-A92B-316E0E797E5C}.Debug|Any CPU.Build.0 = Debug|Any CPU
		{C6FC3D72-4846-47EF-A92B-316E0E797E5C}.Debug|ARM.ActiveCfg = Debug|Any CPU
		{C6FC3D72-4846-47EF-A92B-316E0E797E5C}.Debug|ARM.Build.0 = Debug|Any CPU
		{C6FC3D72-4846-47EF-A92B-316E0E797E5C}.Debug|ARM64.ActiveCfg = Debug|Any CPU
		{C6FC3D72-4846-47EF-A92B-316E0E797E5C}.Debug|ARM64.Build.0 = Debug|Any CPU
		{C6FC3D72-4846-47EF-A92B-316E0E797E5C}.Debug|x64.ActiveCfg = Debug|Any CPU
		{C6FC3D72-4846-47EF-A92B-316E0E797E5C}.Debug|x64.Build.0 = Debug|Any CPU
		{C6FC3D72-4846-47EF-A92B-316E0E797E5C}.Debug|x86.ActiveCfg = Debug|Any CPU
		{C6FC3D72-4846-47EF-A92B-316E0E797E5C}.Debug|x86.Build.0 = Debug|Any CPU
		{C6FC3D72-4846-47EF-A92B-316E0E797E5C}.Release|Any CPU.ActiveCfg = Release|Any CPU
		{C6FC3D72-4846-47EF-A92B-316E0E797E5C}.Release|Any CPU.Build.0 = Release|Any CPU
		{C6FC3D72-4846-47EF-A92B-316E0E797E5C}.Release|ARM.ActiveCfg = Release|Any CPU
		{C6FC3D72-4846-47EF-A92B-316E0E797E5C}.Release|ARM.Build.0 = Release|Any CPU
		{C6FC3D72-4846-47EF-A92B-316E0E797E5C}.Release|ARM64.ActiveCfg = Release|Any CPU
		{C6FC3D72-4846-47EF-A92B-316E0E797E5C}.Release|ARM64.Build.0 = Release|Any CPU
		{C6FC3D72-4846-47EF-A92B-316E0E797E5C}.Release|x64.ActiveCfg = Release|Any CPU
		{C6FC3D72-4846-47EF-A92B-316E0E797E5C}.Release|x64.Build.0 = Release|Any CPU
		{C6FC3D72-4846-47EF-A92B-316E0E797E5C}.Release|x86.ActiveCfg = Release|Any CPU
		{C6FC3D72-4846-47EF-A92B-316E0E797E5C}.Release|x86.Build.0 = Release|Any CPU
		{E54220CA-8199-46C3-A9DF-6579EA7E726D}.Debug|Any CPU.ActiveCfg = Debug|Any CPU
		{E54220CA-8199-46C3-A9DF-6579EA7E726D}.Debug|Any CPU.Build.0 = Debug|Any CPU
		{E54220CA-8199-46C3-A9DF-6579EA7E726D}.Debug|ARM.ActiveCfg = Debug|Any CPU
		{E54220CA-8199-46C3-A9DF-6579EA7E726D}.Debug|ARM.Build.0 = Debug|Any CPU
		{E54220CA-8199-46C3-A9DF-6579EA7E726D}.Debug|ARM64.ActiveCfg = Debug|Any CPU
		{E54220CA-8199-46C3-A9DF-6579EA7E726D}.Debug|ARM64.Build.0 = Debug|Any CPU
		{E54220CA-8199-46C3-A9DF-6579EA7E726D}.Debug|x64.ActiveCfg = Debug|Any CPU
		{E54220CA-8199-46C3-A9DF-6579EA7E726D}.Debug|x64.Build.0 = Debug|Any CPU
		{E54220CA-8199-46C3-A9DF-6579EA7E726D}.Debug|x86.ActiveCfg = Debug|Any CPU
		{E54220CA-8199-46C3-A9DF-6579EA7E726D}.Debug|x86.Build.0 = Debug|Any CPU
		{E54220CA-8199-46C3-A9DF-6579EA7E726D}.Release|Any CPU.ActiveCfg = Release|Any CPU
		{E54220CA-8199-46C3-A9DF-6579EA7E726D}.Release|Any CPU.Build.0 = Release|Any CPU
		{E54220CA-8199-46C3-A9DF-6579EA7E726D}.Release|ARM.ActiveCfg = Release|Any CPU
		{E54220CA-8199-46C3-A9DF-6579EA7E726D}.Release|ARM.Build.0 = Release|Any CPU
		{E54220CA-8199-46C3-A9DF-6579EA7E726D}.Release|ARM64.ActiveCfg = Release|Any CPU
		{E54220CA-8199-46C3-A9DF-6579EA7E726D}.Release|ARM64.Build.0 = Release|Any CPU
		{E54220CA-8199-46C3-A9DF-6579EA7E726D}.Release|x64.ActiveCfg = Release|Any CPU
		{E54220CA-8199-46C3-A9DF-6579EA7E726D}.Release|x64.Build.0 = Release|Any CPU
		{E54220CA-8199-46C3-A9DF-6579EA7E726D}.Release|x86.ActiveCfg = Release|Any CPU
		{E54220CA-8199-46C3-A9DF-6579EA7E726D}.Release|x86.Build.0 = Release|Any CPU
		{119DDEBD-1824-40D8-BC66-8114DD4D4199}.Debug|Any CPU.ActiveCfg = Debug|Any CPU
		{119DDEBD-1824-40D8-BC66-8114DD4D4199}.Debug|Any CPU.Build.0 = Debug|Any CPU
		{119DDEBD-1824-40D8-BC66-8114DD4D4199}.Debug|ARM.ActiveCfg = Debug|Any CPU
		{119DDEBD-1824-40D8-BC66-8114DD4D4199}.Debug|ARM.Build.0 = Debug|Any CPU
		{119DDEBD-1824-40D8-BC66-8114DD4D4199}.Debug|ARM64.ActiveCfg = Debug|Any CPU
		{119DDEBD-1824-40D8-BC66-8114DD4D4199}.Debug|ARM64.Build.0 = Debug|Any CPU
		{119DDEBD-1824-40D8-BC66-8114DD4D4199}.Debug|x64.ActiveCfg = Debug|Any CPU
		{119DDEBD-1824-40D8-BC66-8114DD4D4199}.Debug|x64.Build.0 = Debug|Any CPU
		{119DDEBD-1824-40D8-BC66-8114DD4D4199}.Debug|x86.ActiveCfg = Debug|Any CPU
		{119DDEBD-1824-40D8-BC66-8114DD4D4199}.Debug|x86.Build.0 = Debug|Any CPU
		{119DDEBD-1824-40D8-BC66-8114DD4D4199}.Release|Any CPU.ActiveCfg = Release|Any CPU
		{119DDEBD-1824-40D8-BC66-8114DD4D4199}.Release|Any CPU.Build.0 = Release|Any CPU
		{119DDEBD-1824-40D8-BC66-8114DD4D4199}.Release|ARM.ActiveCfg = Release|Any CPU
		{119DDEBD-1824-40D8-BC66-8114DD4D4199}.Release|ARM.Build.0 = Release|Any CPU
		{119DDEBD-1824-40D8-BC66-8114DD4D4199}.Release|ARM64.ActiveCfg = Release|Any CPU
		{119DDEBD-1824-40D8-BC66-8114DD4D4199}.Release|ARM64.Build.0 = Release|Any CPU
		{119DDEBD-1824-40D8-BC66-8114DD4D4199}.Release|x64.ActiveCfg = Release|Any CPU
		{119DDEBD-1824-40D8-BC66-8114DD4D4199}.Release|x64.Build.0 = Release|Any CPU
		{119DDEBD-1824-40D8-BC66-8114DD4D4199}.Release|x86.ActiveCfg = Release|Any CPU
		{119DDEBD-1824-40D8-BC66-8114DD4D4199}.Release|x86.Build.0 = Release|Any CPU
	EndGlobalSection
	GlobalSection(SolutionProperties) = preSolution
		HideSolutionNode = FALSE
	EndGlobalSection
	GlobalSection(ExtensibilityGlobals) = postSolution
		SolutionGuid = {5C1FE5E9-4958-4659-8ECF-F5EFA9B82D3E}
	EndGlobalSection
EndGlobal
